// !$*UTF8*$!
{
	archiveVersion = 1;
	classes = {
	};
	objectVersion = 56;
	objects = {

/* Begin PBXBuildFile section */
		355C8B6F29E5B00B00CEA199 /* ArtApp.swift in Sources */ = {isa = PBXBuildFile; fileRef = 355C8B6E29E5AFD900CEA199 /* ArtApp.swift */; };
		355C8B7029E5B00F00CEA199 /* Assets.xcassets in Resources */ = {isa = PBXBuildFile; fileRef = 355C8B6B29E5AFD900CEA199 /* Assets.xcassets */; };
		355C8B7529E5B09500CEA199 /* ArtworkTests.swift in Sources */ = {isa = PBXBuildFile; fileRef = 355C8B7229E5B08600CEA199 /* ArtworkTests.swift */; };
		359424D429E5AED1007A9B57 /* ArtKit in Frameworks */ = {isa = PBXBuildFile; productRef = 359424D329E5AED1007A9B57 /* ArtKit */; };
		359424D629E5AED1007A9B57 /* ArtKitUI in Frameworks */ = {isa = PBXBuildFile; productRef = 359424D529E5AED1007A9B57 /* ArtKitUI */; };
/* End PBXBuildFile section */

/* Begin PBXContainerItemProxy section */
		97006D7129A7CDD400C69853 /* PBXContainerItemProxy */ = {
			isa = PBXContainerItemProxy;
			containerPortal = 97006D5829A7CDD300C69853 /* Project object */;
			proxyType = 1;
			remoteGlobalIDString = 97006D5F29A7CDD300C69853;
			remoteInfo = RocketLaunches;
		};
/* End PBXContainerItemProxy section */

/* Begin PBXFileReference section */
		3554E2C229E5ADFD00030D10 /* ArtKit */ = {isa = PBXFileReference; lastKnownFileType = wrapper; path = ArtKit; sourceTree = "<group>"; };
		355C8B6B29E5AFD900CEA199 /* Assets.xcassets */ = {isa = PBXFileReference; lastKnownFileType = folder.assetcatalog; path = Assets.xcassets; sourceTree = "<group>"; };
		355C8B6D29E5AFD900CEA199 /* Preview Assets.xcassets */ = {isa = PBXFileReference; lastKnownFileType = folder.assetcatalog; path = "Preview Assets.xcassets"; sourceTree = "<group>"; };
		355C8B6E29E5AFD900CEA199 /* ArtApp.swift */ = {isa = PBXFileReference; lastKnownFileType = sourcecode.swift; path = ArtApp.swift; sourceTree = "<group>"; };
		355C8B7229E5B08600CEA199 /* ArtworkTests.swift */ = {isa = PBXFileReference; fileEncoding = 4; lastKnownFileType = sourcecode.swift; path = ArtworkTests.swift; sourceTree = "<group>"; };
		97006D6029A7CDD300C69853 /* Art.app */ = {isa = PBXFileReference; explicitFileType = wrapper.application; includeInIndex = 0; path = Art.app; sourceTree = BUILT_PRODUCTS_DIR; };
		97006D7029A7CDD400C69853 /* ArtTests.xctest */ = {isa = PBXFileReference; explicitFileType = wrapper.cfbundle; includeInIndex = 0; path = ArtTests.xctest; sourceTree = BUILT_PRODUCTS_DIR; };
/* End PBXFileReference section */

/* Begin PBXFrameworksBuildPhase section */
		97006D5D29A7CDD300C69853 /* Frameworks */ = {
			isa = PBXFrameworksBuildPhase;
			buildActionMask = 2147483647;
			files = (
				359424D429E5AED1007A9B57 /* ArtKit in Frameworks */,
				359424D629E5AED1007A9B57 /* ArtKitUI in Frameworks */,
			);
			runOnlyForDeploymentPostprocessing = 0;
		};
		97006D6D29A7CDD400C69853 /* Frameworks */ = {
			isa = PBXFrameworksBuildPhase;
			buildActionMask = 2147483647;
			files = (
			);
			runOnlyForDeploymentPostprocessing = 0;
		};
/* End PBXFrameworksBuildPhase section */

/* Begin PBXGroup section */
		355C8B6A29E5AFD900CEA199 /* Artwork */ = {
			isa = PBXGroup;
			children = (
				355C8B6B29E5AFD900CEA199 /* Assets.xcassets */,
				355C8B6C29E5AFD900CEA199 /* Preview Content */,
				355C8B6E29E5AFD900CEA199 /* ArtApp.swift */,
			);
			path = Artwork;
			sourceTree = "<group>";
		};
		355C8B6C29E5AFD900CEA199 /* Preview Content */ = {
			isa = PBXGroup;
			children = (
				355C8B6D29E5AFD900CEA199 /* Preview Assets.xcassets */,
			);
			path = "Preview Content";
			sourceTree = "<group>";
		};
		355C8B7129E5B08600CEA199 /* ArtworkTests */ = {
			isa = PBXGroup;
			children = (
				355C8B7229E5B08600CEA199 /* ArtworkTests.swift */,
			);
			path = ArtworkTests;
			sourceTree = "<group>";
		};
		97006D5729A7CDD300C69853 = {
			isa = PBXGroup;
			children = (
				3554E2C229E5ADFD00030D10 /* ArtKit */,
				355C8B6A29E5AFD900CEA199 /* Artwork */,
				355C8B7129E5B08600CEA199 /* ArtworkTests */,
				97006D6129A7CDD300C69853 /* Products */,
				97006D8E29A7CE1200C69853 /* Frameworks */,
			);
			sourceTree = "<group>";
		};
		97006D6129A7CDD300C69853 /* Products */ = {
			isa = PBXGroup;
			children = (
				97006D6029A7CDD300C69853 /* Art.app */,
				97006D7029A7CDD400C69853 /* ArtTests.xctest */,
			);
			name = Products;
			sourceTree = "<group>";
		};
		97006D8E29A7CE1200C69853 /* Frameworks */ = {
			isa = PBXGroup;
			children = (
			);
			name = Frameworks;
			sourceTree = "<group>";
		};
/* End PBXGroup section */

/* Begin PBXNativeTarget section */
		97006D5F29A7CDD300C69853 /* Art */ = {
			isa = PBXNativeTarget;
			buildConfigurationList = 97006D8429A7CDD400C69853 /* Build configuration list for PBXNativeTarget "Art" */;
			buildPhases = (
				97006D5C29A7CDD300C69853 /* Sources */,
				97006D5D29A7CDD300C69853 /* Frameworks */,
				97006D5E29A7CDD300C69853 /* Resources */,
			);
			buildRules = (
			);
			dependencies = (
			);
			name = Art;
			packageProductDependencies = (
				359424D329E5AED1007A9B57 /* ArtKit */,
				359424D529E5AED1007A9B57 /* ArtKitUI */,
			);
			productName = RocketLaunches;
			productReference = 97006D6029A7CDD300C69853 /* Art.app */;
			productType = "com.apple.product-type.application";
		};
		97006D6F29A7CDD400C69853 /* ArtTests */ = {
			isa = PBXNativeTarget;
			buildConfigurationList = 97006D8729A7CDD400C69853 /* Build configuration list for PBXNativeTarget "ArtTests" */;
			buildPhases = (
				97006D6C29A7CDD400C69853 /* Sources */,
				97006D6D29A7CDD400C69853 /* Frameworks */,
				97006D6E29A7CDD400C69853 /* Resources */,
			);
			buildRules = (
			);
			dependencies = (
				97006D7229A7CDD400C69853 /* PBXTargetDependency */,
			);
			name = ArtTests;
			productName = RocketLaunchesTests;
			productReference = 97006D7029A7CDD400C69853 /* ArtTests.xctest */;
			productType = "com.apple.product-type.bundle.unit-test";
		};
/* End PBXNativeTarget section */

/* Begin PBXProject section */
		97006D5829A7CDD300C69853 /* Project object */ = {
			isa = PBXProject;
			attributes = {
				BuildIndependentTargetsInParallel = 1;
				LastSwiftUpdateCheck = 1420;
				LastUpgradeCheck = 1420;
				TargetAttributes = {
					97006D5F29A7CDD300C69853 = {
						CreatedOnToolsVersion = 14.2;
					};
					97006D6F29A7CDD400C69853 = {
						CreatedOnToolsVersion = 14.2;
						TestTargetID = 97006D5F29A7CDD300C69853;
					};
				};
			};
			buildConfigurationList = 97006D5B29A7CDD300C69853 /* Build configuration list for PBXProject "Art" */;
			compatibilityVersion = "Xcode 14.0";
			developmentRegion = en;
			hasScannedForEncodings = 0;
			knownRegions = (
				en,
				Base,
			);
			mainGroup = 97006D5729A7CDD300C69853;
			productRefGroup = 97006D6129A7CDD300C69853 /* Products */;
			projectDirPath = "";
			projectRoot = "";
			targets = (
				97006D5F29A7CDD300C69853 /* Art */,
				97006D6F29A7CDD400C69853 /* ArtTests */,
			);
		};
/* End PBXProject section */

/* Begin PBXResourcesBuildPhase section */
		97006D5E29A7CDD300C69853 /* Resources */ = {
			isa = PBXResourcesBuildPhase;
			buildActionMask = 2147483647;
			files = (
				355C8B7029E5B00F00CEA199 /* Assets.xcassets in Resources */,
			);
			runOnlyForDeploymentPostprocessing = 0;
		};
		97006D6E29A7CDD400C69853 /* Resources */ = {
			isa = PBXResourcesBuildPhase;
			buildActionMask = 2147483647;
			files = (
			);
			runOnlyForDeploymentPostprocessing = 0;
		};
/* End PBXResourcesBuildPhase section */

/* Begin PBXSourcesBuildPhase section */
		97006D5C29A7CDD300C69853 /* Sources */ = {
			isa = PBXSourcesBuildPhase;
			buildActionMask = 2147483647;
			files = (
				355C8B6F29E5B00B00CEA199 /* ArtApp.swift in Sources */,
			);
			runOnlyForDeploymentPostprocessing = 0;
		};
		97006D6C29A7CDD400C69853 /* Sources */ = {
			isa = PBXSourcesBuildPhase;
			buildActionMask = 2147483647;
			files = (
				355C8B7529E5B09500CEA199 /* ArtworkTests.swift in Sources */,
			);
			runOnlyForDeploymentPostprocessing = 0;
		};
/* End PBXSourcesBuildPhase section */

/* Begin PBXTargetDependency section */
		97006D7229A7CDD400C69853 /* PBXTargetDependency */ = {
			isa = PBXTargetDependency;
			target = 97006D5F29A7CDD300C69853 /* Art */;
			targetProxy = 97006D7129A7CDD400C69853 /* PBXContainerItemProxy */;
		};
/* End PBXTargetDependency section */

/* Begin XCBuildConfiguration section */
		97006D8229A7CDD400C69853 /* Debug */ = {
			isa = XCBuildConfiguration;
			buildSettings = {
				ALWAYS_SEARCH_USER_PATHS = NO;
				CLANG_ANALYZER_NONNULL = YES;
				CLANG_ANALYZER_NUMBER_OBJECT_CONVERSION = YES_AGGRESSIVE;
				CLANG_CXX_LANGUAGE_STANDARD = "gnu++20";
				CLANG_ENABLE_MODULES = YES;
				CLANG_ENABLE_OBJC_ARC = YES;
				CLANG_ENABLE_OBJC_WEAK = YES;
				CLANG_WARN_BLOCK_CAPTURE_AUTORELEASING = YES;
				CLANG_WARN_BOOL_CONVERSION = YES;
				CLANG_WARN_COMMA = YES;
				CLANG_WARN_CONSTANT_CONVERSION = YES;
				CLANG_WARN_DEPRECATED_OBJC_IMPLEMENTATIONS = YES;
				CLANG_WARN_DIRECT_OBJC_ISA_USAGE = YES_ERROR;
				CLANG_WARN_DOCUMENTATION_COMMENTS = YES;
				CLANG_WARN_EMPTY_BODY = YES;
				CLANG_WARN_ENUM_CONVERSION = YES;
				CLANG_WARN_INFINITE_RECURSION = YES;
				CLANG_WARN_INT_CONVERSION = YES;
				CLANG_WARN_NON_LITERAL_NULL_CONVERSION = YES;
				CLANG_WARN_OBJC_IMPLICIT_RETAIN_SELF = YES;
				CLANG_WARN_OBJC_LITERAL_CONVERSION = YES;
				CLANG_WARN_OBJC_ROOT_CLASS = YES_ERROR;
				CLANG_WARN_QUOTED_INCLUDE_IN_FRAMEWORK_HEADER = YES;
				CLANG_WARN_RANGE_LOOP_ANALYSIS = YES;
				CLANG_WARN_STRICT_PROTOTYPES = YES;
				CLANG_WARN_SUSPICIOUS_MOVE = YES;
				CLANG_WARN_UNGUARDED_AVAILABILITY = YES_AGGRESSIVE;
				CLANG_WARN_UNREACHABLE_CODE = YES;
				CLANG_WARN__DUPLICATE_METHOD_MATCH = YES;
				COPY_PHASE_STRIP = NO;
				DEBUG_INFORMATION_FORMAT = dwarf;
				ENABLE_STRICT_OBJC_MSGSEND = YES;
				ENABLE_TESTABILITY = YES;
				GCC_C_LANGUAGE_STANDARD = gnu11;
				GCC_DYNAMIC_NO_PIC = NO;
				GCC_NO_COMMON_BLOCKS = YES;
				GCC_OPTIMIZATION_LEVEL = 0;
				GCC_PREPROCESSOR_DEFINITIONS = (
					"DEBUG=1",
					"$(inherited)",
				);
				GCC_WARN_64_TO_32_BIT_CONVERSION = YES;
				GCC_WARN_ABOUT_RETURN_TYPE = YES_ERROR;
				GCC_WARN_UNDECLARED_SELECTOR = YES;
				GCC_WARN_UNINITIALIZED_AUTOS = YES_AGGRESSIVE;
				GCC_WARN_UNUSED_FUNCTION = YES;
				GCC_WARN_UNUSED_VARIABLE = YES;
				IPHONEOS_DEPLOYMENT_TARGET = 16.2;
				MTL_ENABLE_DEBUG_INFO = INCLUDE_SOURCE;
				MTL_FAST_MATH = YES;
				ONLY_ACTIVE_ARCH = YES;
				SDKROOT = iphoneos;
				SWIFT_ACTIVE_COMPILATION_CONDITIONS = DEBUG;
				SWIFT_OPTIMIZATION_LEVEL = "-Onone";
			};
			name = Debug;
		};
		97006D8329A7CDD400C69853 /* Release */ = {
			isa = XCBuildConfiguration;
			buildSettings = {
				ALWAYS_SEARCH_USER_PATHS = NO;
				CLANG_ANALYZER_NONNULL = YES;
				CLANG_ANALYZER_NUMBER_OBJECT_CONVERSION = YES_AGGRESSIVE;
				CLANG_CXX_LANGUAGE_STANDARD = "gnu++20";
				CLANG_ENABLE_MODULES = YES;
				CLANG_ENABLE_OBJC_ARC = YES;
				CLANG_ENABLE_OBJC_WEAK = YES;
				CLANG_WARN_BLOCK_CAPTURE_AUTORELEASING = YES;
				CLANG_WARN_BOOL_CONVERSION = YES;
				CLANG_WARN_COMMA = YES;
				CLANG_WARN_CONSTANT_CONVERSION = YES;
				CLANG_WARN_DEPRECATED_OBJC_IMPLEMENTATIONS = YES;
				CLANG_WARN_DIRECT_OBJC_ISA_USAGE = YES_ERROR;
				CLANG_WARN_DOCUMENTATION_COMMENTS = YES;
				CLANG_WARN_EMPTY_BODY = YES;
				CLANG_WARN_ENUM_CONVERSION = YES;
				CLANG_WARN_INFINITE_RECURSION = YES;
				CLANG_WARN_INT_CONVERSION = YES;
				CLANG_WARN_NON_LITERAL_NULL_CONVERSION = YES;
				CLANG_WARN_OBJC_IMPLICIT_RETAIN_SELF = YES;
				CLANG_WARN_OBJC_LITERAL_CONVERSION = YES;
				CLANG_WARN_OBJC_ROOT_CLASS = YES_ERROR;
				CLANG_WARN_QUOTED_INCLUDE_IN_FRAMEWORK_HEADER = YES;
				CLANG_WARN_RANGE_LOOP_ANALYSIS = YES;
				CLANG_WARN_STRICT_PROTOTYPES = YES;
				CLANG_WARN_SUSPICIOUS_MOVE = YES;
				CLANG_WARN_UNGUARDED_AVAILABILITY = YES_AGGRESSIVE;
				CLANG_WARN_UNREACHABLE_CODE = YES;
				CLANG_WARN__DUPLICATE_METHOD_MATCH = YES;
				COPY_PHASE_STRIP = NO;
				DEBUG_INFORMATION_FORMAT = "dwarf-with-dsym";
				ENABLE_NS_ASSERTIONS = NO;
				ENABLE_STRICT_OBJC_MSGSEND = YES;
				GCC_C_LANGUAGE_STANDARD = gnu11;
				GCC_NO_COMMON_BLOCKS = YES;
				GCC_WARN_64_TO_32_BIT_CONVERSION = YES;
				GCC_WARN_ABOUT_RETURN_TYPE = YES_ERROR;
				GCC_WARN_UNDECLARED_SELECTOR = YES;
				GCC_WARN_UNINITIALIZED_AUTOS = YES_AGGRESSIVE;
				GCC_WARN_UNUSED_FUNCTION = YES;
				GCC_WARN_UNUSED_VARIABLE = YES;
				IPHONEOS_DEPLOYMENT_TARGET = 16.2;
				MTL_ENABLE_DEBUG_INFO = NO;
				MTL_FAST_MATH = YES;
				SDKROOT = iphoneos;
				SWIFT_COMPILATION_MODE = wholemodule;
				SWIFT_OPTIMIZATION_LEVEL = "-O";
				VALIDATE_PRODUCT = YES;
			};
			name = Release;
		};
		97006D8529A7CDD400C69853 /* Debug */ = {
			isa = XCBuildConfiguration;
			buildSettings = {
				ASSETCATALOG_COMPILER_APPICON_NAME = AppIcon;
				ASSETCATALOG_COMPILER_GLOBAL_ACCENT_COLOR_NAME = AccentColor;
				CODE_SIGN_STYLE = Automatic;
				CURRENT_PROJECT_VERSION = 1;
				DEVELOPMENT_ASSET_PATHS = "\"Artwork/Preview Content\"";
				DEVELOPMENT_TEAM = 42222C69X5;
				ENABLE_PREVIEWS = YES;
				GENERATE_INFOPLIST_FILE = YES;
				INFOPLIST_KEY_UIApplicationSceneManifest_Generation = YES;
				INFOPLIST_KEY_UIApplicationSupportsIndirectInputEvents = YES;
				INFOPLIST_KEY_UILaunchScreen_Generation = YES;
				INFOPLIST_KEY_UISupportedInterfaceOrientations_iPad = "UIInterfaceOrientationPortrait UIInterfaceOrientationPortraitUpsideDown UIInterfaceOrientationLandscapeLeft UIInterfaceOrientationLandscapeRight";
				INFOPLIST_KEY_UISupportedInterfaceOrientations_iPhone = "UIInterfaceOrientationPortrait UIInterfaceOrientationLandscapeLeft UIInterfaceOrientationLandscapeRight";
				LD_RUNPATH_SEARCH_PATHS = (
					"$(inherited)",
					"@executable_path/Frameworks",
				);
				MARKETING_VERSION = 1.0;
				PRODUCT_BUNDLE_IDENTIFIER = com.nuvoair.Artwork;
				PRODUCT_NAME = "$(TARGET_NAME)";
				SUPPORTED_PLATFORMS = "iphoneos iphonesimulator";
				SUPPORTS_MACCATALYST = NO;
				SUPPORTS_MAC_DESIGNED_FOR_IPHONE_IPAD = NO;
				SWIFT_EMIT_LOC_STRINGS = YES;
				SWIFT_VERSION = 5.0;
				TARGETED_DEVICE_FAMILY = "1,2";
			};
			name = Debug;
		};
		97006D8629A7CDD400C69853 /* Release */ = {
			isa = XCBuildConfiguration;
			buildSettings = {
				ASSETCATALOG_COMPILER_APPICON_NAME = AppIcon;
				ASSETCATALOG_COMPILER_GLOBAL_ACCENT_COLOR_NAME = AccentColor;
				CODE_SIGN_STYLE = Automatic;
				CURRENT_PROJECT_VERSION = 1;
				DEVELOPMENT_ASSET_PATHS = "\"Artwork/Preview Content\"";
				DEVELOPMENT_TEAM = 42222C69X5;
				ENABLE_PREVIEWS = YES;
				GENERATE_INFOPLIST_FILE = YES;
				INFOPLIST_KEY_UIApplicationSceneManifest_Generation = YES;
				INFOPLIST_KEY_UIApplicationSupportsIndirectInputEvents = YES;
				INFOPLIST_KEY_UILaunchScreen_Generation = YES;
				INFOPLIST_KEY_UISupportedInterfaceOrientations_iPad = "UIInterfaceOrientationPortrait UIInterfaceOrientationPortraitUpsideDown UIInterfaceOrientationLandscapeLeft UIInterfaceOrientationLandscapeRight";
				INFOPLIST_KEY_UISupportedInterfaceOrientations_iPhone = "UIInterfaceOrientationPortrait UIInterfaceOrientationLandscapeLeft UIInterfaceOrientationLandscapeRight";
				LD_RUNPATH_SEARCH_PATHS = (
					"$(inherited)",
					"@executable_path/Frameworks",
				);
				MARKETING_VERSION = 1.0;
				PRODUCT_BUNDLE_IDENTIFIER = com.nuvoair.Artwork;
				PRODUCT_NAME = "$(TARGET_NAME)";
				SUPPORTED_PLATFORMS = "iphoneos iphonesimulator";
				SUPPORTS_MACCATALYST = NO;
				SUPPORTS_MAC_DESIGNED_FOR_IPHONE_IPAD = NO;
				SWIFT_EMIT_LOC_STRINGS = YES;
				SWIFT_VERSION = 5.0;
				TARGETED_DEVICE_FAMILY = "1,2";
			};
			name = Release;
		};
		97006D8829A7CDD400C69853 /* Debug */ = {
			isa = XCBuildConfiguration;
			buildSettings = {
				ALWAYS_EMBED_SWIFT_STANDARD_LIBRARIES = YES;
				BUNDLE_LOADER = "$(TEST_HOST)";
				CODE_SIGN_STYLE = Automatic;
				CURRENT_PROJECT_VERSION = 1;
				DEVELOPMENT_TEAM = 42222C69X5;
				GENERATE_INFOPLIST_FILE = YES;
				IPHONEOS_DEPLOYMENT_TARGET = 16.2;
				MARKETING_VERSION = 1.0;
				PRODUCT_BUNDLE_IDENTIFIER = com.nuvoair.ArtTests;
				PRODUCT_NAME = "$(TARGET_NAME)";
				SWIFT_EMIT_LOC_STRINGS = NO;
				SWIFT_VERSION = 5.0;
				TARGETED_DEVICE_FAMILY = "1,2";
				TEST_HOST = "$(BUILT_PRODUCTS_DIR)/Art.app/$(BUNDLE_EXECUTABLE_FOLDER_PATH)/Art";
			};
			name = Debug;
		};
		97006D8929A7CDD400C69853 /* Release */ = {
			isa = XCBuildConfiguration;
			buildSettings = {
				ALWAYS_EMBED_SWIFT_STANDARD_LIBRARIES = YES;
				BUNDLE_LOADER = "$(TEST_HOST)";
				CODE_SIGN_STYLE = Automatic;
				CURRENT_PROJECT_VERSION = 1;
				DEVELOPMENT_TEAM = 42222C69X5;
				GENERATE_INFOPLIST_FILE = YES;
				IPHONEOS_DEPLOYMENT_TARGET = 16.2;
				MARKETING_VERSION = 1.0;
				PRODUCT_BUNDLE_IDENTIFIER = com.nuvoair.ArtTests;
				PRODUCT_NAME = "$(TARGET_NAME)";
				SWIFT_EMIT_LOC_STRINGS = NO;
				SWIFT_VERSION = 5.0;
				TARGETED_DEVICE_FAMILY = "1,2";
				TEST_HOST = "$(BUILT_PRODUCTS_DIR)/Art.app/$(BUNDLE_EXECUTABLE_FOLDER_PATH)/Art";
			};
			name = Release;
		};
/* End XCBuildConfiguration section */

/* Begin XCConfigurationList section */
		97006D5B29A7CDD300C69853 /* Build configuration list for PBXProject "Art" */ = {
			isa = XCConfigurationList;
			buildConfigurations = (
				97006D8229A7CDD400C69853 /* Debug */,
				97006D8329A7CDD400C69853 /* Release */,
			);
			defaultConfigurationIsVisible = 0;
			defaultConfigurationName = Release;
		};
		97006D8429A7CDD400C69853 /* Build configuration list for PBXNativeTarget "Art" */ = {
			isa = XCConfigurationList;
			buildConfigurations = (
				97006D8529A7CDD400C69853 /* Debug */,
				97006D8629A7CDD400C69853 /* Release */,
			);
			defaultConfigurationIsVisible = 0;
			defaultConfigurationName = Release;
		};
		97006D8729A7CDD400C69853 /* Build configuration list for PBXNativeTarget "ArtTests" */ = {
			isa = XCConfigurationList;
			buildConfigurations = (
				97006D8829A7CDD400C69853 /* Debug */,
				97006D8929A7CDD400C69853 /* Release */,
			);
			defaultConfigurationIsVisible = 0;
			defaultConfigurationName = Release;
		};
/* End XCConfigurationList section */

/* Begin XCSwiftPackageProductDependency section */
		359424D329E5AED1007A9B57 /* ArtKit */ = {
			isa = XCSwiftPackageProductDependency;
			productName = ArtKit;
		};
		359424D529E5AED1007A9B57 /* ArtKitUI */ = {
			isa = XCSwiftPackageProductDependency;
			productName = ArtKitUI;
		};
/* End XCSwiftPackageProductDependency section */
	};
	rootObject = 97006D5829A7CDD300C69853 /* Project object */;
}
